
Microsoft Visual Studio Solution File, Format Version 12.00
# Visual Studio Version 17
VisualStudioVersion = 17.10.34916.146
MinimumVisualStudioVersion = 10.0.40219.1
Project("{FAE04EC0-301F-11D3-BF4B-00C04F79EFBC}") = "HtmlCssAspKontrolleri", "HtmlCssAspKontrolleri\HtmlCssAspKontrolleri.csproj", "{4C9A73A9-5C2A-466A-80E0-22BC1532F7C9}"
EndProject
Global
	GlobalSection(SolutionConfigurationPlatforms) = preSolution
		Debug|Any CPU = Debug|Any CPU
		Release|Any CPU = Release|Any CPU
	EndGlobalSection
	GlobalSection(ProjectConfigurationPlatforms) = postSolution
		{4C9A73A9-5C2A-466A-80E0-22BC1532F7C9}.Debug|Any CPU.ActiveCfg = Debug|Any CPU
		{4C9A73A9-5C2A-466A-80E0-22BC1532F7C9}.Debug|Any CPU.Build.0 = Debug|Any CPU
		{4C9A73A9-5C2A-466A-80E0-22BC1532F7C9}.Release|Any CPU.ActiveCfg = Release|Any CPU
		{4C9A73A9-5C2A-466A-80E0-22BC1532F7C9}.Release|Any CPU.Build.0 = Release|Any CPU
	EndGlobalSection
	GlobalSection(SolutionProperties) = preSolution
		HideSolutionNode = FALSE
	EndGlobalSection
	GlobalSection(ExtensibilityGlobals) = postSolution
		SolutionGuid = {0AD286F5-38D6-438D-BF3C-092D14E4677F}
	EndGlobalSection
EndGlobal
